
Microsoft Visual Studio Solution File, Format Version 12.00
# Visual Studio Version 17
VisualStudioVersion = 17.5.33424.131
MinimumVisualStudioVersion = 10.0.40219.1
Project("{9A19103F-16F7-4668-BE54-9A1E7A4F7556}") = "BlazorApp1", "BlazorApp1\BlazorApp1.csproj", "{143938A1-8479-42F1-A5FE-DBB3F44DC27D}"
EndProject
Project("{9A19103F-16F7-4668-BE54-9A1E7A4F7556}") = "BlazorApp1.Tests", "BlazorApp1.Tests\BlazorApp1.Tests.csproj", "{E64B9C9F-9677-4FF8-BFF0-7C2C3F1B3F16}"
EndProject
Project("{FAE04EC0-301F-11D3-BF4B-00C04F79EFBC}") = "WordleSolver", "WordleSolver\WordleSolver.csproj", "{9D7F977C-67E4-46C1-8FFC-A6E89E89973B}"
EndProject
Global
	GlobalSection(SolutionConfigurationPlatforms) = preSolution
		Debug|Any CPU = Debug|Any CPU
		Release|Any CPU = Release|Any CPU
	EndGlobalSection
	GlobalSection(ProjectConfigurationPlatforms) = postSolution
		{143938A1-8479-42F1-A5FE-DBB3F44DC27D}.Debug|Any CPU.ActiveCfg = Debug|Any CPU
		{143938A1-8479-42F1-A5FE-DBB3F44DC27D}.Debug|Any CPU.Build.0 = Debug|Any CPU
		{143938A1-8479-42F1-A5FE-DBB3F44DC27D}.Release|Any CPU.ActiveCfg = Release|Any CPU
		{143938A1-8479-42F1-A5FE-DBB3F44DC27D}.Release|Any CPU.Build.0 = Release|Any CPU
		{E64B9C9F-9677-4FF8-BFF0-7C2C3F1B3F16}.Debug|Any CPU.ActiveCfg = Debug|Any CPU
		{E64B9C9F-9677-4FF8-BFF0-7C2C3F1B3F16}.Debug|Any CPU.Build.0 = Debug|Any CPU
		{E64B9C9F-9677-4FF8-BFF0-7C2C3F1B3F16}.Release|Any CPU.ActiveCfg = Release|Any CPU
		{E64B9C9F-9677-4FF8-BFF0-7C2C3F1B3F16}.Release|Any CPU.Build.0 = Release|Any CPU
		{9D7F977C-67E4-46C1-8FFC-A6E89E89973B}.Debug|Any CPU.ActiveCfg = Debug|Any CPU
		{9D7F977C-67E4-46C1-8FFC-A6E89E89973B}.Debug|Any CPU.Build.0 = Debug|Any CPU
		{9D7F977C-67E4-46C1-8FFC-A6E89E89973B}.Release|Any CPU.ActiveCfg = Release|Any CPU
		{9D7F977C-67E4-46C1-8FFC-A6E89E89973B}.Release|Any CPU.Build.0 = Release|Any CPU
	EndGlobalSection
	GlobalSection(SolutionProperties) = preSolution
		HideSolutionNode = FALSE
	EndGlobalSection
	GlobalSection(ExtensibilityGlobals) = postSolution
		SolutionGuid = {EC6C0AEB-D31D-41B1-820E-EC971AC68CAF}
	EndGlobalSection
EndGlobal
